
Microsoft Visual Studio Solution File, Format Version 12.00
# Visual Studio Version 16
VisualStudioVersion = 16.0.31112.23
MinimumVisualStudioVersion = 10.0.40219.1
Project("{FAE04EC0-301F-11D3-BF4B-00C04F79EFBC}") = "TaskDay3JS", "TaskDay3JS.csproj", "{D8846F68-7A0A-4E43-B9B4-478C0FA579E8}"
EndProject
Global
	GlobalSection(SolutionConfigurationPlatforms) = preSolution
		Debug|Any CPU = Debug|Any CPU
		Release|Any CPU = Release|Any CPU
	EndGlobalSection
	GlobalSection(ProjectConfigurationPlatforms) = postSolution
		{D8846F68-7A0A-4E43-B9B4-478C0FA579E8}.Debug|Any CPU.ActiveCfg = Debug|Any CPU
		{D8846F68-7A0A-4E43-B9B4-478C0FA579E8}.Debug|Any CPU.Build.0 = Debug|Any CPU
		{D8846F68-7A0A-4E43-B9B4-478C0FA579E8}.Release|Any CPU.ActiveCfg = Release|Any CPU
		{D8846F68-7A0A-4E43-B9B4-478C0FA579E8}.Release|Any CPU.Build.0 = Release|Any CPU
	EndGlobalSection
	GlobalSection(SolutionProperties) = preSolution
		HideSolutionNode = FALSE
	EndGlobalSection
	GlobalSection(ExtensibilityGlobals) = postSolution
		SolutionGuid = {99CAD689-7CFD-48AC-A86A-44973B5D82BC}
	EndGlobalSection
EndGlobal
