
Microsoft Visual Studio Solution File, Format Version 12.00
# Visual Studio Version 16
VisualStudioVersion = 16.0.31112.23
MinimumVisualStudioVersion = 10.0.40219.1
Project("{FAE04EC0-301F-11D3-BF4B-00C04F79EFBC}") = "Day4JS", "Day4JS.csproj", "{605880CC-C45B-4C65-BE39-42859B84FA86}"
EndProject
Global
	GlobalSection(SolutionConfigurationPlatforms) = preSolution
		Debug|Any CPU = Debug|Any CPU
		Release|Any CPU = Release|Any CPU
	EndGlobalSection
	GlobalSection(ProjectConfigurationPlatforms) = postSolution
		{605880CC-C45B-4C65-BE39-42859B84FA86}.Debug|Any CPU.ActiveCfg = Debug|Any CPU
		{605880CC-C45B-4C65-BE39-42859B84FA86}.Debug|Any CPU.Build.0 = Debug|Any CPU
		{605880CC-C45B-4C65-BE39-42859B84FA86}.Release|Any CPU.ActiveCfg = Release|Any CPU
		{605880CC-C45B-4C65-BE39-42859B84FA86}.Release|Any CPU.Build.0 = Release|Any CPU
	EndGlobalSection
	GlobalSection(SolutionProperties) = preSolution
		HideSolutionNode = FALSE
	EndGlobalSection
	GlobalSection(ExtensibilityGlobals) = postSolution
		SolutionGuid = {950EC948-B4C2-4D88-AD04-3EF3DC1CF809}
	EndGlobalSection
EndGlobal
